// !$*UTF8*$!
{
	archiveVersion = 1;
	classes = {
	};
	objectVersion = 46;
	objects = {
/* Begin PBXBuildFile section */
		858B842D18CA22B800AB12DE /* InfoPlist.strings in Resources */ = {isa = PBXBuildFile; fileRef = 858B833A18CA111C00AB12DE /* InfoPlist.strings */; };
		CD45EE7C18DC2D5800FB50C0 /* app in Resources */ = {isa = PBXBuildFile; fileRef = CD45EE7A18DC2D5800FB50C0 /* app */; };
		CD62955D1BB2678900AE3A93 /* main.m in Sources */ = {isa = PBXBuildFile; fileRef = CD62955C1BB2678900AE3A93 /* main.m */; };
		C97999A877B8457BAA20C6E0 /* Assets.xcassets in Resources */ = {isa = PBXBuildFile; fileRef = A2BC58B8F49645C1BA9747BC /* Assets.xcassets */; };
		C3B21063EFFB4EFC9C32AEDA /* Default-568h@2x.png in Resources */ = {isa = PBXBuildFile; fileRef = 95DAC8D67A0645FFB09F4CAA /* Default-568h@2x.png */; };
		F85D5CFB325147D5A09D89CB /* Default-Landscape.png in Resources */ = {isa = PBXBuildFile; fileRef = FA6FB9338F5B4B16959474FB /* Default-Landscape.png */; };
		324E72848DA2401B89F55D9F /* Default-Landscape@2x.png in Resources */ = {isa = PBXBuildFile; fileRef = BCE028EC6DB94F75AB74AEE3 /* Default-Landscape@2x.png */; };
		D0958C1F0F2A4BE99EAA94DA /* Default-Portrait.png in Resources */ = {isa = PBXBuildFile; fileRef = 3D2EA1AC93E844DFB92A3C43 /* Default-Portrait.png */; };
		6B1F110738BD4C71A02DD104 /* Default-Portrait@2x.png in Resources */ = {isa = PBXBuildFile; fileRef = 4402A969A4794AD3BFF17082 /* Default-Portrait@2x.png */; };
		B3A123CC67CB4498A65920C1 /* Default.png in Resources */ = {isa = PBXBuildFile; fileRef = 6A6A25351F7F4BDFB984B8DD /* Default.png */; };
		415FC38B7D5E4283A0C8EFF0 /* Default@2x.png in Resources */ = {isa = PBXBuildFile; fileRef = 83E669B8F01942D3A6FC4DD6 /* Default@2x.png */; };
		8E9D99F47113457892446535 /* Icon-Small-50.png in Resources */ = {isa = PBXBuildFile; fileRef = CE631A0DBB9B4B67AF19B750 /* Icon-Small-50.png */; };
		7D6ACF05FB4742ABB1C2CBA1 /* Icon-Small-50@2x.png in Resources */ = {isa = PBXBuildFile; fileRef = 46647EB856AB405EB0A6492D /* Icon-Small-50@2x.png */; };
		79B206AF94464D4AB6C49D77 /* Icon-Small.png in Resources */ = {isa = PBXBuildFile; fileRef = 45DC3A92E0CF4E2EB841A519 /* Icon-Small.png */; };
		963E95B6C47640D188EA9BF3 /* Icon-Small@2x.png in Resources */ = {isa = PBXBuildFile; fileRef = AC344C8759B04CA6AFD5BD77 /* Icon-Small@2x.png */; };
		25B0C3B7AB5248069C30AB09 /* LaunchScreen.storyboard in Resources */ = {isa = PBXBuildFile; fileRef = E3C7246F3E6F40678BFC57AE /* LaunchScreen.storyboard */; };
		D026CF1946BD4E5997C7596E /* back.png in Resources */ = {isa = PBXBuildFile; fileRef = 388EF76EC0114FFAA00555BC /* back.png */; };
		D3B59C5483BD480EA2726C43 /* back@2x.png in Resources */ = {isa = PBXBuildFile; fileRef = 1D767B84DDC1464F861283FE /* back@2x.png */; };
		7E1ECB623474409984B2F9C9 /* back@3x.png in Resources */ = {isa = PBXBuildFile; fileRef = AEF8F22BFCC54401A98A07D0 /* back@3x.png */; };
		9F55CE7CD06C4691933F4F9E /* background.png in Resources */ = {isa = PBXBuildFile; fileRef = A61CEADCA3644190A0FD660B /* background.png */; };
		7D460C7D56E7443FBD64D1EA /* build.xcconfig in Resources */ = {isa = PBXBuildFile; fileRef = 5DE33C3D8E75447E88CF59FC /* build.xcconfig */; };
		FBAE88DF8914438FADDBB041 /* ic_add_to_fav.png in Resources */ = {isa = PBXBuildFile; fileRef = EBE9CC5EA8364851BF3DE70E /* ic_add_to_fav.png */; };
		AFD1776804EA432DB5C9710F /* ic_add_to_fav@2x.png in Resources */ = {isa = PBXBuildFile; fileRef = B6A25C30B2C54AAD948D258C /* ic_add_to_fav@2x.png */; };
		D0B91AF85C014D50A2D61B9C /* ic_add_to_fav@3x.png in Resources */ = {isa = PBXBuildFile; fileRef = FA9FC998E1F8414183DFAB4C /* ic_add_to_fav@3x.png */; };
		DD951CCD2B4E4213A4A0ABCC /* ic_add_to_fav_1.png in Resources */ = {isa = PBXBuildFile; fileRef = 95561C2BAAB34DCCADB20340 /* ic_add_to_fav_1.png */; };
		2C2BFD86F3624DEF8F94A4B0 /* ic_add_to_fav_1@2x.png in Resources */ = {isa = PBXBuildFile; fileRef = 9FA1F3BE26B84D8D943165DD /* ic_add_to_fav_1@2x.png */; };
		B06C1EB71EBD49E49EE2E032 /* ic_add_to_fav_1@3x.png in Resources */ = {isa = PBXBuildFile; fileRef = E926A39DFF014D0FAAAB92FA /* ic_add_to_fav_1@3x.png */; };
		78DBDF9C86CA40628800FE1B /* ic_map.png in Resources */ = {isa = PBXBuildFile; fileRef = AD1F9BC35F96466697FEEDD7 /* ic_map.png */; };
		85AA4D9EF8704D3E90470914 /* ic_map@2x.png in Resources */ = {isa = PBXBuildFile; fileRef = 43227E00561B4EA2BE6C102F /* ic_map@2x.png */; };
		6926790B18A8425E955818B1 /* ic_map@3x.png in Resources */ = {isa = PBXBuildFile; fileRef = 9FCF405ACD264157A09B9D4B /* ic_map@3x.png */; };
		D4F8B8827EC64E1DB7C9B6B0 /* ic_menu.png in Resources */ = {isa = PBXBuildFile; fileRef = D1778EABEE214BCA9A4EFEFD /* ic_menu.png */; };
		9CA2F887C61949DDA88AC0CF /* ic_menu@2x.png in Resources */ = {isa = PBXBuildFile; fileRef = 8396A80A17824F83B11A33A1 /* ic_menu@2x.png */; };
		BEE0D5FB048C4433BD158D23 /* ic_menu@3x.png in Resources */ = {isa = PBXBuildFile; fileRef = 35B2FC72F6C749AC986B0257 /* ic_menu@3x.png */; };
		49053857461E487DB3A4F5B3 /* ic_share.png in Resources */ = {isa = PBXBuildFile; fileRef = 2D12BC83FFC54BE9B02B0868 /* ic_share.png */; };
		C78EED349187433D85797748 /* ic_share@2x.png in Resources */ = {isa = PBXBuildFile; fileRef = 770721572A0F428CB1C0E1FA /* ic_share@2x.png */; };
		0BD8F38260814ABCA29C88B7 /* ic_share@3x.png in Resources */ = {isa = PBXBuildFile; fileRef = 0B6A8357B9F34839A69FDB9C /* ic_share@3x.png */; };
		3BF4DEFC32F34AB9B4055332 /* icon-40.png in Resources */ = {isa = PBXBuildFile; fileRef = AEF7A7CC12574C559A6CB885 /* icon-40.png */; };
		6FDFC8359B9F4FF69187DD5A /* icon-40@2x.png in Resources */ = {isa = PBXBuildFile; fileRef = A2CBE209177848839117119B /* icon-40@2x.png */; };
		2EA5593D50114826AB27C9DF /* icon-60.png in Resources */ = {isa = PBXBuildFile; fileRef = A30500E00BD94EC4BBA610CB /* icon-60.png */; };
		780E1EC96F244A5185DE0459 /* icon-60@2x.png in Resources */ = {isa = PBXBuildFile; fileRef = 81685AA592454E95983EA66F /* icon-60@2x.png */; };
		44B9B16BDEF14DACB92CC743 /* icon-72.png in Resources */ = {isa = PBXBuildFile; fileRef = 8677EC2944CE4400B3CEA495 /* icon-72.png */; };
		E9CBC17935414215ADB30EB4 /* icon-72@2x.png in Resources */ = {isa = PBXBuildFile; fileRef = 90D0A1E1834448C29D1C7D20 /* icon-72@2x.png */; };
		40BC99DDEF50410695865C16 /* icon-76.png in Resources */ = {isa = PBXBuildFile; fileRef = ADF598820F654F5C8534835F /* icon-76.png */; };
		E8A9EFC67EB44BDB85CABBFB /* icon-76@2x.png in Resources */ = {isa = PBXBuildFile; fileRef = 6E2D247D58064F5593EEF2EA /* icon-76@2x.png */; };
		84ACA327D4A441C6A20C0343 /* icon.png in Resources */ = {isa = PBXBuildFile; fileRef = 716E5C12136947129BF96A73 /* icon.png */; };
		70A2BCD91417430CACDD3461 /* icon@2x.png in Resources */ = {isa = PBXBuildFile; fileRef = 0092C9FEF4FF41C98035D75F /* icon@2x.png */; };
		2E0B3CAEA50D462A883639C1 /* logo.png in Resources */ = {isa = PBXBuildFile; fileRef = 66A2C3958D5F4E40886010E4 /* logo.png */; };
		7466A7C1E15948DBB46D571C /* logo@2x.png in Resources */ = {isa = PBXBuildFile; fileRef = D6159D29A0844BB8B04D73F7 /* logo@2x.png */; };
		1689E28970314E5C97EAEA81 /* logo@3x.png in Resources */ = {isa = PBXBuildFile; fileRef = B7B9B27F33334A2CA15CB2F7 /* logo@3x.png */; };
		D6DDCF38724D42D3BEE71A68 /* search.png in Resources */ = {isa = PBXBuildFile; fileRef = 4BF7BF193794481391112499 /* search.png */; };
		B30A0B9B6D1A424BA25C679D /* search@2x.png in Resources */ = {isa = PBXBuildFile; fileRef = 3628400893634706B64DBF74 /* search@2x.png */; };
		BE1C60AACA024002BD90E93F /* search@3x.png in Resources */ = {isa = PBXBuildFile; fileRef = FB786AEAC9564C1F8C02AD12 /* search@3x.png */; };
		94B627D7DADA4CCD839170F6 /* sponsor_logo_fdg.png in Resources */ = {isa = PBXBuildFile; fileRef = B277FF50D68249CA896F541F /* sponsor_logo_fdg.png */; };
		730B8D76B6F544EABAEE288D /* sponsor_logo_umer.png in Resources */ = {isa = PBXBuildFile; fileRef = 955A57DF6AD44317B53D70EE /* sponsor_logo_umer.png */; };
		6F892BA925454D3391785EF7 /* TNSWidgets.framework in Frameworks */ = {isa = PBXBuildFile; fileRef = 718BEB7B29404EC6A3E3040E /* TNSWidgets.framework */; };
		1BF53C3B126941C3BD4DB9C3 /* TNSWidgets.framework in Embed Frameworks */ = {isa = PBXBuildFile; fileRef = 718BEB7B29404EC6A3E3040E /* TNSWidgets.framework */; settings = {ATTRIBUTES = (CodeSignOnCopy, RemoveHeadersOnCopy, ); }; };
/* End PBXBuildFile section */

/* Begin PBXCopyFilesBuildPhase section */
		85F5BDFC1A9363BE006B9701 /* Embed Frameworks */ = {
			isa = PBXCopyFilesBuildPhase;
			buildActionMask = 2147483647;
			dstPath = "";
			dstSubfolderSpec = 10;
			files = (
				1BF53C3B126941C3BD4DB9C3 /* TNSWidgets.framework in Embed Frameworks */,
			);
			name = "Embed Frameworks";
			runOnlyForDeploymentPostprocessing = 0;
		};
/* End PBXCopyFilesBuildPhase section */

/* Begin PBXFileReference section */
		858B832E18CA111C00AB12DE /* rpsconf.app */ = {isa = PBXFileReference; explicitFileType = wrapper.application; includeInIndex = 0; path = rpsconf.app; sourceTree = BUILT_PRODUCTS_DIR; };
		858B833918CA111C00AB12DE /* rpsconf-Info.plist */ = {isa = PBXFileReference; lastKnownFileType = text.plist.xml; path = "rpsconf-Info.plist"; sourceTree = "<group>"; };
		858B833B18CA111C00AB12DE /* en */ = {isa = PBXFileReference; lastKnownFileType = text.plist.strings; name = en; path = en.lproj/InfoPlist.strings; sourceTree = "<group>"; };
		858B833F18CA111C00AB12DE /* rpsconf-Prefix.pch */ = {isa = PBXFileReference; lastKnownFileType = sourcecode.c.h; path = "rpsconf-Prefix.pch"; sourceTree = "<group>"; };
		858B843318CA22B800AB12DE /* rpsconf.app */ = {isa = PBXFileReference; explicitFileType = wrapper.application; includeInIndex = 0; path = rpsconf.app; sourceTree = BUILT_PRODUCTS_DIR; };
		CD45EE7A18DC2D5800FB50C0 /* app */ = {isa = PBXFileReference; lastKnownFileType = folder; path = app; sourceTree = "<group>"; };
		CD62955C1BB2678900AE3A93 /* main.m */ = {isa = PBXFileReference; fileEncoding = 4; lastKnownFileType = sourcecode.c.objc; name = main.m; path = internal/main.m; sourceTree = SOURCE_ROOT; };
		CDD59A261BB43B5D00EC2671 /* build-debug.xcconfig */ = {isa = PBXFileReference; fileEncoding = 4; lastKnownFileType = text.xcconfig; path = "build-debug.xcconfig"; sourceTree = "<group>"; };
		CDD59A271BB43B5D00EC2671 /* build-release.xcconfig */ = {isa = PBXFileReference; fileEncoding = 4; lastKnownFileType = text.xcconfig; path = "build-release.xcconfig"; sourceTree = "<group>"; };
		CDF4743E1BA4855C0087EA85 /* build.xcconfig */ = {isa = PBXFileReference; fileEncoding = 4; lastKnownFileType = text.xcconfig; path = build.xcconfig; sourceTree = "<group>"; };
		A2BC58B8F49645C1BA9747BC /* Assets.xcassets */ = {isa = PBXFileReference; lastKnownFileType = unknown; name = Assets.xcassets; path = "rpsconf/Resources/Assets.xcassets"; sourceTree = "<group>"; fileEncoding = 4; };
		95DAC8D67A0645FFB09F4CAA /* Default-568h@2x.png */ = {isa = PBXFileReference; lastKnownFileType = image.png; name = "Default-568h@2x.png"; path = "rpsconf/Resources/Default-568h@2x.png"; sourceTree = "<group>"; };
		FA6FB9338F5B4B16959474FB /* Default-Landscape.png */ = {isa = PBXFileReference; lastKnownFileType = image.png; name = "Default-Landscape.png"; path = "rpsconf/Resources/Default-Landscape.png"; sourceTree = "<group>"; };
		BCE028EC6DB94F75AB74AEE3 /* Default-Landscape@2x.png */ = {isa = PBXFileReference; lastKnownFileType = image.png; name = "Default-Landscape@2x.png"; path = "rpsconf/Resources/Default-Landscape@2x.png"; sourceTree = "<group>"; };
		3D2EA1AC93E844DFB92A3C43 /* Default-Portrait.png */ = {isa = PBXFileReference; lastKnownFileType = image.png; name = "Default-Portrait.png"; path = "rpsconf/Resources/Default-Portrait.png"; sourceTree = "<group>"; };
		4402A969A4794AD3BFF17082 /* Default-Portrait@2x.png */ = {isa = PBXFileReference; lastKnownFileType = image.png; name = "Default-Portrait@2x.png"; path = "rpsconf/Resources/Default-Portrait@2x.png"; sourceTree = "<group>"; };
		6A6A25351F7F4BDFB984B8DD /* Default.png */ = {isa = PBXFileReference; lastKnownFileType = image.png; name = Default.png; path = "rpsconf/Resources/Default.png"; sourceTree = "<group>"; };
		83E669B8F01942D3A6FC4DD6 /* Default@2x.png */ = {isa = PBXFileReference; lastKnownFileType = image.png; name = "Default@2x.png"; path = "rpsconf/Resources/Default@2x.png"; sourceTree = "<group>"; };
		CE631A0DBB9B4B67AF19B750 /* Icon-Small-50.png */ = {isa = PBXFileReference; lastKnownFileType = image.png; name = "Icon-Small-50.png"; path = "rpsconf/Resources/Icon-Small-50.png"; sourceTree = "<group>"; };
		46647EB856AB405EB0A6492D /* Icon-Small-50@2x.png */ = {isa = PBXFileReference; lastKnownFileType = image.png; name = "Icon-Small-50@2x.png"; path = "rpsconf/Resources/Icon-Small-50@2x.png"; sourceTree = "<group>"; };
		45DC3A92E0CF4E2EB841A519 /* Icon-Small.png */ = {isa = PBXFileReference; lastKnownFileType = image.png; name = "Icon-Small.png"; path = "rpsconf/Resources/Icon-Small.png"; sourceTree = "<group>"; };
		AC344C8759B04CA6AFD5BD77 /* Icon-Small@2x.png */ = {isa = PBXFileReference; lastKnownFileType = image.png; name = "Icon-Small@2x.png"; path = "rpsconf/Resources/Icon-Small@2x.png"; sourceTree = "<group>"; };
		E3C7246F3E6F40678BFC57AE /* LaunchScreen.storyboard */ = {isa = PBXFileReference; lastKnownFileType = unknown; name = LaunchScreen.storyboard; path = "rpsconf/Resources/LaunchScreen.storyboard"; sourceTree = "<group>"; fileEncoding = 4; };
		388EF76EC0114FFAA00555BC /* back.png */ = {isa = PBXFileReference; lastKnownFileType = image.png; name = back.png; path = "rpsconf/Resources/back.png"; sourceTree = "<group>"; };
		1D767B84DDC1464F861283FE /* back@2x.png */ = {isa = PBXFileReference; lastKnownFileType = image.png; name = "back@2x.png"; path = "rpsconf/Resources/back@2x.png"; sourceTree = "<group>"; };
		AEF8F22BFCC54401A98A07D0 /* back@3x.png */ = {isa = PBXFileReference; lastKnownFileType = image.png; name = "back@3x.png"; path = "rpsconf/Resources/back@3x.png"; sourceTree = "<group>"; };
		A61CEADCA3644190A0FD660B /* background.png */ = {isa = PBXFileReference; lastKnownFileType = image.png; name = background.png; path = "rpsconf/Resources/background.png"; sourceTree = "<group>"; };
		5DE33C3D8E75447E88CF59FC /* build.xcconfig */ = {isa = PBXFileReference; lastKnownFileType = unknown; name = build.xcconfig; path = "rpsconf/Resources/build.xcconfig"; sourceTree = "<group>"; fileEncoding = 4; };
		EBE9CC5EA8364851BF3DE70E /* ic_add_to_fav.png */ = {isa = PBXFileReference; lastKnownFileType = image.png; name = ic_add_to_fav.png; path = "rpsconf/Resources/ic_add_to_fav.png"; sourceTree = "<group>"; };
		B6A25C30B2C54AAD948D258C /* ic_add_to_fav@2x.png */ = {isa = PBXFileReference; lastKnownFileType = image.png; name = "ic_add_to_fav@2x.png"; path = "rpsconf/Resources/ic_add_to_fav@2x.png"; sourceTree = "<group>"; };
		FA9FC998E1F8414183DFAB4C /* ic_add_to_fav@3x.png */ = {isa = PBXFileReference; lastKnownFileType = image.png; name = "ic_add_to_fav@3x.png"; path = "rpsconf/Resources/ic_add_to_fav@3x.png"; sourceTree = "<group>"; };
		95561C2BAAB34DCCADB20340 /* ic_add_to_fav_1.png */ = {isa = PBXFileReference; lastKnownFileType = image.png; name = ic_add_to_fav_1.png; path = "rpsconf/Resources/ic_add_to_fav_1.png"; sourceTree = "<group>"; };
		9FA1F3BE26B84D8D943165DD /* ic_add_to_fav_1@2x.png */ = {isa = PBXFileReference; lastKnownFileType = image.png; name = "ic_add_to_fav_1@2x.png"; path = "rpsconf/Resources/ic_add_to_fav_1@2x.png"; sourceTree = "<group>"; };
		E926A39DFF014D0FAAAB92FA /* ic_add_to_fav_1@3x.png */ = {isa = PBXFileReference; lastKnownFileType = image.png; name = "ic_add_to_fav_1@3x.png"; path = "rpsconf/Resources/ic_add_to_fav_1@3x.png"; sourceTree = "<group>"; };
		AD1F9BC35F96466697FEEDD7 /* ic_map.png */ = {isa = PBXFileReference; lastKnownFileType = image.png; name = ic_map.png; path = "rpsconf/Resources/ic_map.png"; sourceTree = "<group>"; };
		43227E00561B4EA2BE6C102F /* ic_map@2x.png */ = {isa = PBXFileReference; lastKnownFileType = image.png; name = "ic_map@2x.png"; path = "rpsconf/Resources/ic_map@2x.png"; sourceTree = "<group>"; };
		9FCF405ACD264157A09B9D4B /* ic_map@3x.png */ = {isa = PBXFileReference; lastKnownFileType = image.png; name = "ic_map@3x.png"; path = "rpsconf/Resources/ic_map@3x.png"; sourceTree = "<group>"; };
		D1778EABEE214BCA9A4EFEFD /* ic_menu.png */ = {isa = PBXFileReference; lastKnownFileType = image.png; name = ic_menu.png; path = "rpsconf/Resources/ic_menu.png"; sourceTree = "<group>"; };
		8396A80A17824F83B11A33A1 /* ic_menu@2x.png */ = {isa = PBXFileReference; lastKnownFileType = image.png; name = "ic_menu@2x.png"; path = "rpsconf/Resources/ic_menu@2x.png"; sourceTree = "<group>"; };
		35B2FC72F6C749AC986B0257 /* ic_menu@3x.png */ = {isa = PBXFileReference; lastKnownFileType = image.png; name = "ic_menu@3x.png"; path = "rpsconf/Resources/ic_menu@3x.png"; sourceTree = "<group>"; };
		2D12BC83FFC54BE9B02B0868 /* ic_share.png */ = {isa = PBXFileReference; lastKnownFileType = image.png; name = ic_share.png; path = "rpsconf/Resources/ic_share.png"; sourceTree = "<group>"; };
		770721572A0F428CB1C0E1FA /* ic_share@2x.png */ = {isa = PBXFileReference; lastKnownFileType = image.png; name = "ic_share@2x.png"; path = "rpsconf/Resources/ic_share@2x.png"; sourceTree = "<group>"; };
		0B6A8357B9F34839A69FDB9C /* ic_share@3x.png */ = {isa = PBXFileReference; lastKnownFileType = image.png; name = "ic_share@3x.png"; path = "rpsconf/Resources/ic_share@3x.png"; sourceTree = "<group>"; };
		AEF7A7CC12574C559A6CB885 /* icon-40.png */ = {isa = PBXFileReference; lastKnownFileType = image.png; name = "icon-40.png"; path = "rpsconf/Resources/icon-40.png"; sourceTree = "<group>"; };
		A2CBE209177848839117119B /* icon-40@2x.png */ = {isa = PBXFileReference; lastKnownFileType = image.png; name = "icon-40@2x.png"; path = "rpsconf/Resources/icon-40@2x.png"; sourceTree = "<group>"; };
		A30500E00BD94EC4BBA610CB /* icon-60.png */ = {isa = PBXFileReference; lastKnownFileType = image.png; name = "icon-60.png"; path = "rpsconf/Resources/icon-60.png"; sourceTree = "<group>"; };
		81685AA592454E95983EA66F /* icon-60@2x.png */ = {isa = PBXFileReference; lastKnownFileType = image.png; name = "icon-60@2x.png"; path = "rpsconf/Resources/icon-60@2x.png"; sourceTree = "<group>"; };
		8677EC2944CE4400B3CEA495 /* icon-72.png */ = {isa = PBXFileReference; lastKnownFileType = image.png; name = "icon-72.png"; path = "rpsconf/Resources/icon-72.png"; sourceTree = "<group>"; };
		90D0A1E1834448C29D1C7D20 /* icon-72@2x.png */ = {isa = PBXFileReference; lastKnownFileType = image.png; name = "icon-72@2x.png"; path = "rpsconf/Resources/icon-72@2x.png"; sourceTree = "<group>"; };
		ADF598820F654F5C8534835F /* icon-76.png */ = {isa = PBXFileReference; lastKnownFileType = image.png; name = "icon-76.png"; path = "rpsconf/Resources/icon-76.png"; sourceTree = "<group>"; };
		6E2D247D58064F5593EEF2EA /* icon-76@2x.png */ = {isa = PBXFileReference; lastKnownFileType = image.png; name = "icon-76@2x.png"; path = "rpsconf/Resources/icon-76@2x.png"; sourceTree = "<group>"; };
		716E5C12136947129BF96A73 /* icon.png */ = {isa = PBXFileReference; lastKnownFileType = image.png; name = icon.png; path = "rpsconf/Resources/icon.png"; sourceTree = "<group>"; };
		0092C9FEF4FF41C98035D75F /* icon@2x.png */ = {isa = PBXFileReference; lastKnownFileType = image.png; name = "icon@2x.png"; path = "rpsconf/Resources/icon@2x.png"; sourceTree = "<group>"; };
		66A2C3958D5F4E40886010E4 /* logo.png */ = {isa = PBXFileReference; lastKnownFileType = image.png; name = logo.png; path = "rpsconf/Resources/logo.png"; sourceTree = "<group>"; };
		D6159D29A0844BB8B04D73F7 /* logo@2x.png */ = {isa = PBXFileReference; lastKnownFileType = image.png; name = "logo@2x.png"; path = "rpsconf/Resources/logo@2x.png"; sourceTree = "<group>"; };
		B7B9B27F33334A2CA15CB2F7 /* logo@3x.png */ = {isa = PBXFileReference; lastKnownFileType = image.png; name = "logo@3x.png"; path = "rpsconf/Resources/logo@3x.png"; sourceTree = "<group>"; };
		4BF7BF193794481391112499 /* search.png */ = {isa = PBXFileReference; lastKnownFileType = image.png; name = search.png; path = "rpsconf/Resources/search.png"; sourceTree = "<group>"; };
		3628400893634706B64DBF74 /* search@2x.png */ = {isa = PBXFileReference; lastKnownFileType = image.png; name = "search@2x.png"; path = "rpsconf/Resources/search@2x.png"; sourceTree = "<group>"; };
		FB786AEAC9564C1F8C02AD12 /* search@3x.png */ = {isa = PBXFileReference; lastKnownFileType = image.png; name = "search@3x.png"; path = "rpsconf/Resources/search@3x.png"; sourceTree = "<group>"; };
		B277FF50D68249CA896F541F /* sponsor_logo_fdg.png */ = {isa = PBXFileReference; lastKnownFileType = image.png; name = sponsor_logo_fdg.png; path = "rpsconf/Resources/sponsor_logo_fdg.png"; sourceTree = "<group>"; };
		955A57DF6AD44317B53D70EE /* sponsor_logo_umer.png */ = {isa = PBXFileReference; lastKnownFileType = image.png; name = sponsor_logo_umer.png; path = "rpsconf/Resources/sponsor_logo_umer.png"; sourceTree = "<group>"; };
		718BEB7B29404EC6A3E3040E /* TNSWidgets.framework */ = {isa = PBXFileReference; lastKnownFileType = wrapper.framework; name = TNSWidgets.framework; path = "$(SRCROOT)/../../node_modules/tns-core-modules/node_modules/tns-core-modules-widgets/platforms/ios/TNSWidgets.framework"; sourceTree = "<group>"; };
/* End PBXFileReference section */

/* Begin PBXFrameworksBuildPhase section */
		858B83F418CA22B800AB12DE /* Frameworks */ = {
			isa = PBXFrameworksBuildPhase;
			buildActionMask = 2147483647;
			files = (
				6F892BA925454D3391785EF7 /* TNSWidgets.framework in Frameworks */,
			);
			runOnlyForDeploymentPostprocessing = 0;
		};
/* End PBXFrameworksBuildPhase section */

/* Begin PBXGroup section */
		858B832518CA111C00AB12DE = {
			isa = PBXGroup;
			children = (
				E070579D1B39A9D000214BF1 /* Resources */,
				858B833718CA111C00AB12DE /* rpsconf */,
				858B833018CA111C00AB12DE /* Frameworks */,
				858B832F18CA111C00AB12DE /* Products */,
			);
			sourceTree = "<group>";
		};
		858B832F18CA111C00AB12DE /* Products */ = {
			isa = PBXGroup;
			children = (
				858B832E18CA111C00AB12DE /* rpsconf.app */,
				858B843318CA22B800AB12DE /* rpsconf.app */,
			);
			name = Products;
			sourceTree = "<group>";
		};
		858B833018CA111C00AB12DE /* Frameworks */ = {
			isa = PBXGroup;
			children = (
				718BEB7B29404EC6A3E3040E /* TNSWidgets.framework */,
			);
			name = Frameworks;
			sourceTree = "<group>";
		};
		858B833718CA111C00AB12DE /* rpsconf */ = {
			isa = PBXGroup;
			children = (
				CD45EE7A18DC2D5800FB50C0 /* app */,
				858B833818CA111C00AB12DE /* Supporting Files */,
			);
			path = rpsconf;
			sourceTree = "<group>";
		};
		858B833818CA111C00AB12DE /* Supporting Files */ = {
			isa = PBXGroup;
			children = (
				CDF4743E1BA4855C0087EA85 /* build.xcconfig */,
				CDD59A261BB43B5D00EC2671 /* build-debug.xcconfig */,
				CDD59A271BB43B5D00EC2671 /* build-release.xcconfig */,
				858B833918CA111C00AB12DE /* rpsconf-Info.plist */,
				858B833A18CA111C00AB12DE /* InfoPlist.strings */,
				CD62955C1BB2678900AE3A93 /* main.m */,
				858B833F18CA111C00AB12DE /* rpsconf-Prefix.pch */,
			);
			name = "Supporting Files";
			sourceTree = "<group>";
		};
		E070579D1B39A9D000214BF1 /* Resources */ = {
			isa = PBXGroup;
			children = (
				A2BC58B8F49645C1BA9747BC /* Assets.xcassets */,
				95DAC8D67A0645FFB09F4CAA /* Default-568h@2x.png */,
				FA6FB9338F5B4B16959474FB /* Default-Landscape.png */,
				BCE028EC6DB94F75AB74AEE3 /* Default-Landscape@2x.png */,
				3D2EA1AC93E844DFB92A3C43 /* Default-Portrait.png */,
				4402A969A4794AD3BFF17082 /* Default-Portrait@2x.png */,
				6A6A25351F7F4BDFB984B8DD /* Default.png */,
				83E669B8F01942D3A6FC4DD6 /* Default@2x.png */,
				CE631A0DBB9B4B67AF19B750 /* Icon-Small-50.png */,
				46647EB856AB405EB0A6492D /* Icon-Small-50@2x.png */,
				45DC3A92E0CF4E2EB841A519 /* Icon-Small.png */,
				AC344C8759B04CA6AFD5BD77 /* Icon-Small@2x.png */,
				E3C7246F3E6F40678BFC57AE /* LaunchScreen.storyboard */,
				388EF76EC0114FFAA00555BC /* back.png */,
				1D767B84DDC1464F861283FE /* back@2x.png */,
				AEF8F22BFCC54401A98A07D0 /* back@3x.png */,
				A61CEADCA3644190A0FD660B /* background.png */,
				5DE33C3D8E75447E88CF59FC /* build.xcconfig */,
				EBE9CC5EA8364851BF3DE70E /* ic_add_to_fav.png */,
				B6A25C30B2C54AAD948D258C /* ic_add_to_fav@2x.png */,
				FA9FC998E1F8414183DFAB4C /* ic_add_to_fav@3x.png */,
				95561C2BAAB34DCCADB20340 /* ic_add_to_fav_1.png */,
				9FA1F3BE26B84D8D943165DD /* ic_add_to_fav_1@2x.png */,
				E926A39DFF014D0FAAAB92FA /* ic_add_to_fav_1@3x.png */,
				AD1F9BC35F96466697FEEDD7 /* ic_map.png */,
				43227E00561B4EA2BE6C102F /* ic_map@2x.png */,
				9FCF405ACD264157A09B9D4B /* ic_map@3x.png */,
				D1778EABEE214BCA9A4EFEFD /* ic_menu.png */,
				8396A80A17824F83B11A33A1 /* ic_menu@2x.png */,
				35B2FC72F6C749AC986B0257 /* ic_menu@3x.png */,
				2D12BC83FFC54BE9B02B0868 /* ic_share.png */,
				770721572A0F428CB1C0E1FA /* ic_share@2x.png */,
				0B6A8357B9F34839A69FDB9C /* ic_share@3x.png */,
				AEF7A7CC12574C559A6CB885 /* icon-40.png */,
				A2CBE209177848839117119B /* icon-40@2x.png */,
				A30500E00BD94EC4BBA610CB /* icon-60.png */,
				81685AA592454E95983EA66F /* icon-60@2x.png */,
				8677EC2944CE4400B3CEA495 /* icon-72.png */,
				90D0A1E1834448C29D1C7D20 /* icon-72@2x.png */,
				ADF598820F654F5C8534835F /* icon-76.png */,
				6E2D247D58064F5593EEF2EA /* icon-76@2x.png */,
				716E5C12136947129BF96A73 /* icon.png */,
				0092C9FEF4FF41C98035D75F /* icon@2x.png */,
				66A2C3958D5F4E40886010E4 /* logo.png */,
				D6159D29A0844BB8B04D73F7 /* logo@2x.png */,
				B7B9B27F33334A2CA15CB2F7 /* logo@3x.png */,
				4BF7BF193794481391112499 /* search.png */,
				3628400893634706B64DBF74 /* search@2x.png */,
				FB786AEAC9564C1F8C02AD12 /* search@3x.png */,
				B277FF50D68249CA896F541F /* sponsor_logo_fdg.png */,
				955A57DF6AD44317B53D70EE /* sponsor_logo_umer.png */,
			);
			name = Resources;
			sourceTree = "<group>";
		};
/* End PBXGroup section */

/* Begin PBXNativeTarget section */
		858B83EF18CA22B800AB12DE /* rpsconf */ = {
			isa = PBXNativeTarget;
			buildConfigurationList = 858B843018CA22B800AB12DE /* Build configuration list for PBXNativeTarget "rpsconf" */;
			buildPhases = (
				C97FD7AC1ADE5369004DB2A4 /* NativeScript PreBuild */,
				858B83F218CA22B800AB12DE /* Sources */,
				CD62955B1BB2651D00AE3A93 /* NativeScript PreLink */,
				858B83F418CA22B800AB12DE /* Frameworks */,
				858B842C18CA22B800AB12DE /* Resources */,
				85F5BDFC1A9363BE006B9701 /* Embed Frameworks */,
				CD3EAD351B05FF060042DBFC /* NativeScript PostBuild */,
			);
			buildRules = (
			);
			dependencies = (
			);
			name = rpsconf;
			productName = JDBridgeApp;
			productReference = 858B843318CA22B800AB12DE /* rpsconf.app */;
			productType = "com.apple.product-type.application";
		};
/* End PBXNativeTarget section */

/* Begin PBXProject section */
		858B832618CA111C00AB12DE /* Project object */ = {
			isa = PBXProject;
			attributes = {
				CLASSPREFIX = TNS;
				LastUpgradeCheck = 500;
				ORGANIZATIONNAME = Telerik;
			};
			buildConfigurationList = 858B832918CA111C00AB12DE /* Build configuration list for PBXProject "rpsconf" */;
			compatibilityVersion = "Xcode 3.2";
			developmentRegion = English;
			hasScannedForEncodings = 0;
			knownRegions = (
				en,
			);
			mainGroup = 858B832518CA111C00AB12DE;
			productRefGroup = 858B832F18CA111C00AB12DE /* Products */;
			projectDirPath = "";
			projectRoot = "";
			targets = (
				858B83EF18CA22B800AB12DE /* rpsconf */,
			);
		};
/* End PBXProject section */

/* Begin PBXResourcesBuildPhase section */
		858B842C18CA22B800AB12DE /* Resources */ = {
			isa = PBXResourcesBuildPhase;
			buildActionMask = 2147483647;
			files = (
				CD45EE7C18DC2D5800FB50C0 /* app in Resources */,
				858B842D18CA22B800AB12DE /* InfoPlist.strings in Resources */,
				C97999A877B8457BAA20C6E0 /* Assets.xcassets in Resources */,
				C3B21063EFFB4EFC9C32AEDA /* Default-568h@2x.png in Resources */,
				F85D5CFB325147D5A09D89CB /* Default-Landscape.png in Resources */,
				324E72848DA2401B89F55D9F /* Default-Landscape@2x.png in Resources */,
				D0958C1F0F2A4BE99EAA94DA /* Default-Portrait.png in Resources */,
				6B1F110738BD4C71A02DD104 /* Default-Portrait@2x.png in Resources */,
				B3A123CC67CB4498A65920C1 /* Default.png in Resources */,
				415FC38B7D5E4283A0C8EFF0 /* Default@2x.png in Resources */,
				8E9D99F47113457892446535 /* Icon-Small-50.png in Resources */,
				7D6ACF05FB4742ABB1C2CBA1 /* Icon-Small-50@2x.png in Resources */,
				79B206AF94464D4AB6C49D77 /* Icon-Small.png in Resources */,
				963E95B6C47640D188EA9BF3 /* Icon-Small@2x.png in Resources */,
				25B0C3B7AB5248069C30AB09 /* LaunchScreen.storyboard in Resources */,
				D026CF1946BD4E5997C7596E /* back.png in Resources */,
				D3B59C5483BD480EA2726C43 /* back@2x.png in Resources */,
				7E1ECB623474409984B2F9C9 /* back@3x.png in Resources */,
				9F55CE7CD06C4691933F4F9E /* background.png in Resources */,
				7D460C7D56E7443FBD64D1EA /* build.xcconfig in Resources */,
				FBAE88DF8914438FADDBB041 /* ic_add_to_fav.png in Resources */,
				AFD1776804EA432DB5C9710F /* ic_add_to_fav@2x.png in Resources */,
				D0B91AF85C014D50A2D61B9C /* ic_add_to_fav@3x.png in Resources */,
				DD951CCD2B4E4213A4A0ABCC /* ic_add_to_fav_1.png in Resources */,
				2C2BFD86F3624DEF8F94A4B0 /* ic_add_to_fav_1@2x.png in Resources */,
				B06C1EB71EBD49E49EE2E032 /* ic_add_to_fav_1@3x.png in Resources */,
				78DBDF9C86CA40628800FE1B /* ic_map.png in Resources */,
				85AA4D9EF8704D3E90470914 /* ic_map@2x.png in Resources */,
				6926790B18A8425E955818B1 /* ic_map@3x.png in Resources */,
				D4F8B8827EC64E1DB7C9B6B0 /* ic_menu.png in Resources */,
				9CA2F887C61949DDA88AC0CF /* ic_menu@2x.png in Resources */,
				BEE0D5FB048C4433BD158D23 /* ic_menu@3x.png in Resources */,
				49053857461E487DB3A4F5B3 /* ic_share.png in Resources */,
				C78EED349187433D85797748 /* ic_share@2x.png in Resources */,
				0BD8F38260814ABCA29C88B7 /* ic_share@3x.png in Resources */,
				3BF4DEFC32F34AB9B4055332 /* icon-40.png in Resources */,
				6FDFC8359B9F4FF69187DD5A /* icon-40@2x.png in Resources */,
				2EA5593D50114826AB27C9DF /* icon-60.png in Resources */,
				780E1EC96F244A5185DE0459 /* icon-60@2x.png in Resources */,
				44B9B16BDEF14DACB92CC743 /* icon-72.png in Resources */,
				E9CBC17935414215ADB30EB4 /* icon-72@2x.png in Resources */,
				40BC99DDEF50410695865C16 /* icon-76.png in Resources */,
				E8A9EFC67EB44BDB85CABBFB /* icon-76@2x.png in Resources */,
				84ACA327D4A441C6A20C0343 /* icon.png in Resources */,
				70A2BCD91417430CACDD3461 /* icon@2x.png in Resources */,
				2E0B3CAEA50D462A883639C1 /* logo.png in Resources */,
				7466A7C1E15948DBB46D571C /* logo@2x.png in Resources */,
				1689E28970314E5C97EAEA81 /* logo@3x.png in Resources */,
				D6DDCF38724D42D3BEE71A68 /* search.png in Resources */,
				B30A0B9B6D1A424BA25C679D /* search@2x.png in Resources */,
				BE1C60AACA024002BD90E93F /* search@3x.png in Resources */,
				94B627D7DADA4CCD839170F6 /* sponsor_logo_fdg.png in Resources */,
				730B8D76B6F544EABAEE288D /* sponsor_logo_umer.png in Resources */,
			);
			runOnlyForDeploymentPostprocessing = 0;
		};
/* End PBXResourcesBuildPhase section */

/* Begin PBXShellScriptBuildPhase section */
		C97FD7AC1ADE5369004DB2A4 /* NativeScript PreBuild */ = {
			isa = PBXShellScriptBuildPhase;
			buildActionMask = 2147483647;
			files = (
			);
			inputPaths = (
			);
			name = "NativeScript PreBuild";
			outputPaths = (
			);
			runOnlyForDeploymentPostprocessing = 0;
			shellPath = /bin/sh;
			shellScript = "\"$SRCROOT/internal/nativescript-pre-build\"";
			showEnvVarsInLog = 0;
		};
		CD3EAD351B05FF060042DBFC /* NativeScript PostBuild */ = {
			isa = PBXShellScriptBuildPhase;
			buildActionMask = 2147483647;
			files = (
			);
			inputPaths = (
			);
			name = "NativeScript PostBuild";
			outputPaths = (
			);
			runOnlyForDeploymentPostprocessing = 0;
			shellPath = /bin/sh;
			shellScript = "\"$SRCROOT/internal/nativescript-post-build\"";
			showEnvVarsInLog = 0;
		};
		CD62955B1BB2651D00AE3A93 /* NativeScript PreLink */ = {
			isa = PBXShellScriptBuildPhase;
			buildActionMask = 2147483647;
			files = (
			);
			inputPaths = (
			);
			name = "NativeScript PreLink";
			outputPaths = (
			);
			runOnlyForDeploymentPostprocessing = 0;
			shellPath = /bin/sh;
			shellScript = "\"$SRCROOT/internal/nativescript-pre-link\"";
			showEnvVarsInLog = 0;
		};
/* End PBXShellScriptBuildPhase section */

/* Begin PBXSourcesBuildPhase section */
		858B83F218CA22B800AB12DE /* Sources */ = {
			isa = PBXSourcesBuildPhase;
			buildActionMask = 2147483647;
			files = (
				CD62955D1BB2678900AE3A93 /* main.m in Sources */,
			);
			runOnlyForDeploymentPostprocessing = 0;
		};
/* End PBXSourcesBuildPhase section */

/* Begin PBXVariantGroup section */
		858B833A18CA111C00AB12DE /* InfoPlist.strings */ = {
			isa = PBXVariantGroup;
			children = (
				858B833B18CA111C00AB12DE /* en */,
			);
			name = InfoPlist.strings;
			sourceTree = "<group>";
		};
/* End PBXVariantGroup section */

/* Begin XCBuildConfiguration section */
		858B835818CA111C00AB12DE /* Debug */ = {
			isa = XCBuildConfiguration;
			buildSettings = {
				ALWAYS_SEARCH_USER_PATHS = NO;
				ARCHS = "$(ARCHS_STANDARD)";
				CLANG_CXX_LANGUAGE_STANDARD = "gnu++0x";
				CLANG_CXX_LIBRARY = "libc++";
				CLANG_ENABLE_MODULES = YES;
				CLANG_ENABLE_OBJC_ARC = YES;
				CLANG_WARN_BOOL_CONVERSION = YES;
				CLANG_WARN_CONSTANT_CONVERSION = YES;
				CLANG_WARN_DIRECT_OBJC_ISA_USAGE = YES_ERROR;
				CLANG_WARN_EMPTY_BODY = YES;
				CLANG_WARN_ENUM_CONVERSION = YES;
				CLANG_WARN_INT_CONVERSION = YES;
				CLANG_WARN_OBJC_ROOT_CLASS = YES_ERROR;
				CLANG_WARN__DUPLICATE_METHOD_MATCH = YES;
				"CODE_SIGN_IDENTITY[sdk=iphoneos*]" = "iPhone Developer";
				COPY_PHASE_STRIP = NO;
				GCC_C_LANGUAGE_STANDARD = gnu99;
				GCC_DYNAMIC_NO_PIC = NO;
				GCC_OPTIMIZATION_LEVEL = 0;
				GCC_SYMBOLS_PRIVATE_EXTERN = NO;
				GCC_WARN_64_TO_32_BIT_CONVERSION = YES;
				GCC_WARN_ABOUT_RETURN_TYPE = YES_ERROR;
				GCC_WARN_UNDECLARED_SELECTOR = YES;
				GCC_WARN_UNINITIALIZED_AUTOS = YES;
				GCC_WARN_UNUSED_FUNCTION = YES;
				GCC_WARN_UNUSED_VARIABLE = YES;
				IPHONEOS_DEPLOYMENT_TARGET = 8.0;
				ONLY_ACTIVE_ARCH = YES;
				SDKROOT = iphoneos;
				TARGETED_DEVICE_FAMILY = "1,2";
				VALID_ARCHS = "armv7 arm64";
			};
			name = Debug;
		};
		858B835918CA111C00AB12DE /* Release */ = {
			isa = XCBuildConfiguration;
			buildSettings = {
				ALWAYS_SEARCH_USER_PATHS = NO;
				ARCHS = "$(ARCHS_STANDARD)";
				CLANG_CXX_LANGUAGE_STANDARD = "gnu++0x";
				CLANG_CXX_LIBRARY = "libc++";
				CLANG_ENABLE_MODULES = YES;
				CLANG_ENABLE_OBJC_ARC = YES;
				CLANG_WARN_BOOL_CONVERSION = YES;
				CLANG_WARN_CONSTANT_CONVERSION = YES;
				CLANG_WARN_DIRECT_OBJC_ISA_USAGE = YES_ERROR;
				CLANG_WARN_EMPTY_BODY = YES;
				CLANG_WARN_ENUM_CONVERSION = YES;
				CLANG_WARN_INT_CONVERSION = YES;
				CLANG_WARN_OBJC_ROOT_CLASS = YES_ERROR;
				CLANG_WARN__DUPLICATE_METHOD_MATCH = YES;
				"CODE_SIGN_IDENTITY[sdk=iphoneos*]" = "iPhone Developer";
				COPY_PHASE_STRIP = YES;
				ENABLE_NS_ASSERTIONS = NO;
				GCC_C_LANGUAGE_STANDARD = gnu99;
				GCC_WARN_64_TO_32_BIT_CONVERSION = YES;
				GCC_WARN_ABOUT_RETURN_TYPE = YES_ERROR;
				GCC_WARN_UNDECLARED_SELECTOR = YES;
				GCC_WARN_UNINITIALIZED_AUTOS = YES;
				GCC_WARN_UNUSED_FUNCTION = YES;
				GCC_WARN_UNUSED_VARIABLE = YES;
				IPHONEOS_DEPLOYMENT_TARGET = 8.0;
				SDKROOT = iphoneos;
				TARGETED_DEVICE_FAMILY = "1,2";
				VALIDATE_PRODUCT = YES;
				VALID_ARCHS = "armv7 arm64";
			};
			name = Release;
		};
		858B843118CA22B800AB12DE /* Debug */ = {
			isa = XCBuildConfiguration;
			baseConfigurationReference = CDD59A261BB43B5D00EC2671 /* build-debug.xcconfig */;
			buildSettings = {
				ARCHS = "$(ARCHS_STANDARD)";
				CLANG_ENABLE_MODULES = NO;
				CLANG_MODULES_AUTOLINK = NO;
				ENABLE_BITCODE = NO;
				GCC_PRECOMPILE_PREFIX_HEADER = YES;
				GCC_PREFIX_HEADER = "rpsconf/rpsconf-Prefix.pch";
				GCC_PREPROCESSOR_DEFINITIONS = (
					"$(inherited)",
					"DEBUG=1",
				);
				INFOPLIST_FILE = "$(SRCROOT)/rpsconf/rpsconf-Info.plist";
				LD_RUNPATH_SEARCH_PATHS = "$(inherited) @executable_path/Frameworks";
				PRODUCT_NAME = rpsconf;
				VALID_ARCHS = "armv7 arm64";
				WRAPPER_EXTENSION = app;
				FRAMEWORK_SEARCH_PATHS = (
					"$(inherited)",
					"\"$(SRCROOT)/../../node_modules/tns-core-modules/node_modules/tns-core-modules-widgets/platforms/ios\"",
				);
			};
			name = Debug;
		};
		858B843218CA22B800AB12DE /* Release */ = {
			isa = XCBuildConfiguration;
			baseConfigurationReference = CDD59A271BB43B5D00EC2671 /* build-release.xcconfig */;
			buildSettings = {
				ARCHS = "$(ARCHS_STANDARD)";
				CLANG_ENABLE_MODULES = NO;
				CLANG_MODULES_AUTOLINK = NO;
				ENABLE_BITCODE = NO;
				GCC_PRECOMPILE_PREFIX_HEADER = YES;
				GCC_PREFIX_HEADER = "rpsconf/rpsconf-Prefix.pch";
				INFOPLIST_FILE = "$(SRCROOT)/rpsconf/rpsconf-Info.plist";
				LD_RUNPATH_SEARCH_PATHS = "$(inherited) @executable_path/Frameworks";
				PRODUCT_NAME = rpsconf;
				VALID_ARCHS = "armv7 arm64";
				WRAPPER_EXTENSION = app;
				FRAMEWORK_SEARCH_PATHS = (
					"$(inherited)",
					"\"$(SRCROOT)/../../node_modules/tns-core-modules/node_modules/tns-core-modules-widgets/platforms/ios\"",
				);
			};
			name = Release;
		};
/* End XCBuildConfiguration section */

/* Begin XCConfigurationList section */
		858B832918CA111C00AB12DE /* Build configuration list for PBXProject "rpsconf" */ = {
			isa = XCConfigurationList;
			buildConfigurations = (
				858B835818CA111C00AB12DE /* Debug */,
				858B835918CA111C00AB12DE /* Release */,
			);
			defaultConfigurationIsVisible = 0;
			defaultConfigurationName = Release;
		};
		858B843018CA22B800AB12DE /* Build configuration list for PBXNativeTarget "rpsconf" */ = {
			isa = XCConfigurationList;
			buildConfigurations = (
				858B843118CA22B800AB12DE /* Debug */,
				858B843218CA22B800AB12DE /* Release */,
			);
			defaultConfigurationIsVisible = 0;
			defaultConfigurationName = Release;
		};
/* End XCConfigurationList section */
	};
	rootObject = 858B832618CA111C00AB12DE /* Project object */;
}
